
Microsoft Visual Studio Solution File, Format Version 12.00
# Visual Studio 15
Project("{FAE04EC0-301F-11D3-BF4B-00C04F79EFBC}") = "AceBook", "AceBook\AceBook.csproj", "{66A1FE93-7D2B-4CED-849B-5B5356EF6A67}"
EndProject
Project("{FAE04EC0-301F-11D3-BF4B-00C04F79EFBC}") = "AceBookTests", "AceBookTests\AceBookTests.csproj", "{A20AB818-B61A-43C4-8F46-A9D0AB0B6F3F}"
EndProject
Global
	GlobalSection(SolutionConfigurationPlatforms) = preSolution
		Debug|Any CPU = Debug|Any CPU
		Release|Any CPU = Release|Any CPU
	EndGlobalSection
	GlobalSection(ProjectConfigurationPlatforms) = postSolution
		{66A1FE93-7D2B-4CED-849B-5B5356EF6A67}.Debug|Any CPU.ActiveCfg = Debug|Any CPU
		{66A1FE93-7D2B-4CED-849B-5B5356EF6A67}.Debug|Any CPU.Build.0 = Debug|Any CPU
		{66A1FE93-7D2B-4CED-849B-5B5356EF6A67}.Release|Any CPU.ActiveCfg = Release|Any CPU
		{66A1FE93-7D2B-4CED-849B-5B5356EF6A67}.Release|Any CPU.Build.0 = Release|Any CPU
		{A20AB818-B61A-43C4-8F46-A9D0AB0B6F3F}.Debug|Any CPU.ActiveCfg = Debug|Any CPU
		{A20AB818-B61A-43C4-8F46-A9D0AB0B6F3F}.Debug|Any CPU.Build.0 = Debug|Any CPU
		{A20AB818-B61A-43C4-8F46-A9D0AB0B6F3F}.Release|Any CPU.ActiveCfg = Release|Any CPU
		{A20AB818-B61A-43C4-8F46-A9D0AB0B6F3F}.Release|Any CPU.Build.0 = Release|Any CPU
	EndGlobalSection
EndGlobal
